
Microsoft Visual Studio Solution File, Format Version 12.00
# Visual Studio Version 17
VisualStudioVersion = 17.9.34407.89
MinimumVisualStudioVersion = 10.0.40219.1
Project("{9A19103F-16F7-4668-BE54-9A1E7A4F7556}") = "StonePaperCScissor", "StonePaperCScissor.csproj", "{0C010DAD-7285-4102-9EBB-DC354E4C1AEA}"
EndProject
Project("{9A19103F-16F7-4668-BE54-9A1E7A4F7556}") = "StonePaperScissorsClient", "..\StonePaperScissorsClient\StonePaperScissorsClient.csproj", "{642F0C27-EF63-48C6-BE11-3D4ACFEC0F50}"
EndProject
Project("{FAE04EC0-301F-11D3-BF4B-00C04F79EFBC}") = "StonePapperScissorLib", "..\StonePapperScissorLib\StonePapperScissorLib.csproj", "{3BF018CA-42D0-4CEC-A453-BA2954A055D9}"
EndProject
Global
	GlobalSection(SolutionConfigurationPlatforms) = preSolution
		Debug|Any CPU = Debug|Any CPU
		Release|Any CPU = Release|Any CPU
	EndGlobalSection
	GlobalSection(ProjectConfigurationPlatforms) = postSolution
		{0C010DAD-7285-4102-9EBB-DC354E4C1AEA}.Debug|Any CPU.ActiveCfg = Debug|Any CPU
		{0C010DAD-7285-4102-9EBB-DC354E4C1AEA}.Debug|Any CPU.Build.0 = Debug|Any CPU
		{0C010DAD-7285-4102-9EBB-DC354E4C1AEA}.Release|Any CPU.ActiveCfg = Release|Any CPU
		{0C010DAD-7285-4102-9EBB-DC354E4C1AEA}.Release|Any CPU.Build.0 = Release|Any CPU
		{642F0C27-EF63-48C6-BE11-3D4ACFEC0F50}.Debug|Any CPU.ActiveCfg = Debug|Any CPU
		{642F0C27-EF63-48C6-BE11-3D4ACFEC0F50}.Debug|Any CPU.Build.0 = Debug|Any CPU
		{642F0C27-EF63-48C6-BE11-3D4ACFEC0F50}.Release|Any CPU.ActiveCfg = Release|Any CPU
		{642F0C27-EF63-48C6-BE11-3D4ACFEC0F50}.Release|Any CPU.Build.0 = Release|Any CPU
		{3BF018CA-42D0-4CEC-A453-BA2954A055D9}.Debug|Any CPU.ActiveCfg = Debug|Any CPU
		{3BF018CA-42D0-4CEC-A453-BA2954A055D9}.Debug|Any CPU.Build.0 = Debug|Any CPU
		{3BF018CA-42D0-4CEC-A453-BA2954A055D9}.Release|Any CPU.ActiveCfg = Release|Any CPU
		{3BF018CA-42D0-4CEC-A453-BA2954A055D9}.Release|Any CPU.Build.0 = Release|Any CPU
	EndGlobalSection
	GlobalSection(SolutionProperties) = preSolution
		HideSolutionNode = FALSE
	EndGlobalSection
	GlobalSection(ExtensibilityGlobals) = postSolution
		SolutionGuid = {30DBEEF5-FA98-4973-8030-FC13D9698701}
	EndGlobalSection
EndGlobal
